{
  "name": null,
  "version": null,
  "lockfileVersion": null,
  "requires": null,
  "packages": {
    "": {
      "name": null,
      "version": null,
      "dependencies": {
        "@vitejs/plugin-react": null,
        "lucide-react": null,
        "react": null,
        "react-dom": null,
        "react-router-dom": null,
        "vite": null
      },
      "devDependencies": {}
    },
    "node_modules/@babel/code-frame": {
      "version": null,
      "resolved": null,
      "integrity": null,
      "license": null,
      "dependencies": {
        "@babel/helper-validator-identifier": null,
        "js-tokens": null,
        "picocolors": null
      },
      "engines": {
        "node": null
      }
    },
    "node_modules/@babel/compat-data": {
      "version": null,
      "resolved": null,
      "integrity": null,
      "license": null,
      "engines": {
        "node": null
      }
    },
    "node_modules/@babel/core": {
      "version": null,
      "resolved": null,
      "integrity": null,
      "license": null,
      "dependencies": {
        "@babel/code-frame": null,
        "@babel/generator": null,
        "@babel/helper-compilation-targets": null,
        "@babel/helper-module-transforms": null,
        "@babel/helpers": null,
        "@babel/parser": null,
        "@babel/template": null,
        "@babel/traverse": null,
        "@babel/types": null,
        "@jridgewell/remapping": null,
        "convert-source-map": null,
        "debug": null,
        "gensync": null,
        "json5": null,
        "semver": null
      },
      "engines": {
        "node": null
      },
      "funding": {
        "type": null,
        "url": null
      }
    },
    "node_modules/@babel/generator": {
      "version": null,
      "resolved": null,
      "integrity": null,
      "license": null,
      "dependencies": {
        "@babel/parser": null,
        "@babel/types": null,
        "@jridgewell/gen-mapping": null,
        "@jridgewell/trace-mapping": null,
        "jsesc": null
      },
      "engines": {
        "node": null
      }
    },
    "node_modules/@babel/helper-compilation-targets": {
      "version": null,
      "resolved": null,
      "integrity": null,
      "license": null,
      "dependencies": {
        "@babel/compat-data": null,
        "@babel/helper-validator-option": null,
        "browserslist": null,
        "lru-cache": null,
        "semver": null
      },
      "engines": {
        "node": null
      }
    },
    "node_modules/@babel/helper-globals": {
      "version": null,
      "resolved": null,
      "integrity": null,
      "license": null,
      "engines": {
        "node": null
      }
    },
    "node_modules/@babel/helper-module-imports": {
      "version": null,
      "resolved": null,
      "integrity": null,
      "license": null,
      "dependencies": {
        "@babel/traverse": null,
        "@babel/types": null
      },
      "engines": {
        "node": null
      }
    },
    "node_modules/@babel/helper-module-transforms": {
      "version": null,
      "resolved": null,
      "integrity": null,
      "license": null,
      "dependencies": {
        "@babel/helper-module-imports": null,
        "@babel/helper-validator-identifier": null,
        "@babel/traverse": null
      },
      "engines": {
        "node": null
      },
      "peerDependencies": {
        "@babel/core": null
      }
    },
    "node_modules/@babel/helper-plugin-utils": {
      "version": null,
      "resolved": null,
      "integrity": null,
      "license": null,
      "engines": {
        "node": null
      }
    },
    "node_modules/@babel/helper-string-parser": {
      "version": null,
      "resolved": null,
      "integrity": null,
      "license": null,
      "engines": {
        "node": null
      }
    },
    "node_modules/@babel/helper-validator-identifier": {
      "version": null,
      "resolved": null,
      "integrity": null,
      "license": null,
      "engines": {
        "node": null
      }
    },
    "node_modules/@babel/helper-validator-option": {
      "version": null,
      "resolved": null,
      "integrity": null,
      "license": null,
      "engines": {
        "node": null
      }
    },
    "node_modules/@babel/helpers": {
      "version": null,
      "resolved": null,
      "integrity": null,
      "license": null,
      "dependencies": {
        "@babel/template": null,
        "@babel/types": null
      },
      "engines": {
        "node": null
      }
    },
    "node_modules/@babel/parser": {
      "version": null,
      "resolved": null,
      "integrity": null,
      "license": null,
      "dependencies": {
        "@babel/types": null
      },
      "bin": {
        "parser": null
      },
      "engines": {
        "node": null
      }
    },
    "node_modules/@babel/plugin-transform-react-jsx-self": {
      "version": null,
      "resolved": null,
      "integrity": null,
      "license": null,
      "dependencies": {
        "@babel/helper-plugin-utils": null
      },
      "engines": {
        "node": null
      },
      "peerDependencies": {
        "@babel/core": null
      }
    },
    "node_modules/@babel/plugin-transform-react-jsx-source": {
      "version": null,
      "resolved": null,
      "integrity": null,
      "license": null,
      "dependencies": {
        "@babel/helper-plugin-utils": null
      },
      "engines": {
        "node": null
      },
      "peerDependencies": {
        "@babel/core": null
      }
    },
    "node_modules/@babel/template": {
      "version": null,
      "resolved": null,
      "integrity": null,
      "license": null,
      "dependencies": {
        "@babel/code-frame": null,
        "@babel/parser": null,
        "@babel/types": null
      },
      "engines": {
        "node": null
      }
    },
    "node_modules/@babel/traverse": {
      "version": null,
      "resolved": null,
      "integrity": null,
      "license": null,
      "dependencies": {
        "@babel/code-frame": null,
        "@babel/generator": null,
        "@babel/helper-globals": null,
        "@babel/parser": null,
        "@babel/template": null,
        "@babel/types": null,
        "debug": null
      },
      "engines": {
        "node": null
      }
    },
    "node_modules/@babel/types": {
      "version": null,
      "resolved": null,
      "integrity": null,
      "license": null,
      "dependencies": {
        "@babel/helper-string-parser": null,
        "@babel/helper-validator-identifier": null
      },
      "engines": {
        "node": null
      }
    },
    "node_modules/@esbuild/aix-ppc64": {
      "version": null,
      "resolved": null,
      "integrity": null,
      "cpu": [],
      "license": null,
      "optional": null,
      "os": [],
      "engines": {
        "node": null
      }
    },
    "node_modules/@esbuild/android-arm": {
      "version": null,
      "resolved": null,
      "integrity": null,
      "cpu": [],
      "license": null,
      "optional": null,
      "os": [],
      "engines": {
        "node": null
      }
    },
    "node_modules/@esbuild/android-arm64": {
      "version": null,
      "resolved": null,
      "integrity": null,
      "cpu": [],
      "license": null,
      "optional": null,
      "os": [],
      "engines": {
        "node": null
      }
    },
    "node_modules/@esbuild/android-x64": {
      "version": null,
      "resolved": null,
      "integrity": null,
      "cpu": [],
      "license": null,
      "optional": null,
      "os": [],
      "engines": {
        "node": null
      }
    },
    "node_modules/@esbuild/darwin-arm64": {
      "version": null,
      "resolved": null,
      "integrity": null,
      "cpu": [],
      "license": null,
      "optional": null,
      "os": [],
      "engines": {
        "node": null
      }
    },
    "node_modules/@esbuild/darwin-x64": {
      "version": null,
      "resolved": null,
      "integrity": null,
      "cpu": [],
      "license": null,
      "optional": null,
      "os": [],
      "engines": {
        "node": null
      }
    },
    "node_modules/@esbuild/freebsd-arm64": {
      "version": null,
      "resolved": null,
      "integrity": null,
      "cpu": [],
      "license": null,
      "optional": null,
      "os": [],
      "engines": {
        "node": null
      }
    },
    "node_modules/@esbuild/freebsd-x64": {
      "version": null,
      "resolved": null,
      "integrity": null,
      "cpu": [],
      "license": null,
      "optional": null,
      "os": [],
      "engines": {
        "node": null
      }
    },
    "node_modules/@esbuild/linux-arm": {
      "version": null,
      "resolved": null,
      "integrity": null,
      "cpu": [],
      "license": null,
      "optional": null,
      "os": [],
      "engines": {
        "node": null
      }
    },
    "node_modules/@esbuild/linux-arm64": {
      "version": null,
      "resolved": null,
      "integrity": null,
      "cpu": [],
      "license": null,
      "optional": null,
      "os": [],
      "engines": {
        "node": null
      }
    },
    "node_modules/@esbuild/linux-ia32": {
      "version": null,
      "resolved": null,
      "integrity": null,
      "cpu": [],
      "license": null,
      "optional": null,
      "os": [],
      "engines": {
        "node": null
      }
    },
    "node_modules/@esbuild/linux-loong64": {
      "version": null,
      "resolved": null,
      "integrity": null,
      "cpu": [],
      "license": null,
      "optional": null,
      "os": [],
      "engines": {
        "node": null
      }
    },
    "node_modules/@esbuild/linux-mips64el": {
      "version": null,
      "resolved": null,
      "integrity": null,
      "cpu": [],
      "license": null,
      "optional": null,
      "os": [],
      "engines": {
        "node": null
      }
    },
    "node_modules/@esbuild/linux-ppc64": {
      "version": null,
      "resolved": null,
      "integrity": null,
      "cpu": [],
      "license": null,
      "optional": null,
      "os": [],
      "engines": {
        "node": null
      }
    },
    "node_modules/@esbuild/linux-riscv64": {
      "version": null,
      "resolved": null,
      "integrity": null,
      "cpu": [],
      "license": null,
      "optional": null,
      "os": [],
      "engines": {
        "node": null
      }
    },
    "node_modules/@esbuild/linux-s390x": {
      "version": null,
      "resolved": null,
      "integrity": null,
      "cpu": [],
      "license": null,
      "optional": null,
      "os": [],
      "engines": {
        "node": null
      }
    },
    "node_modules/@esbuild/linux-x64": {
      "version": null,
      "resolved": null,
      "integrity": null,
      "cpu": [],
      "license": null,
      "optional": null,
      "os": [],
      "engines": {
        "node": null
      }
    },
    "node_modules/@esbuild/netbsd-arm64": {
      "version": null,
      "resolved": null,
      "integrity": null,
      "cpu": [],
      "license": null,
      "optional": null,
      "os": [],
      "engines": {
        "node": null
      }
    },
    "node_modules/@esbuild/netbsd-x64": {
      "version": null,
      "resolved": null,
      "integrity": null,
      "cpu": [],
      "license": null,
      "optional": null,
      "os": [],
      "engines": {
        "node": null
      }
    },
    "node_modules/@esbuild/openbsd-arm64": {
      "version": null,
      "resolved": null,
      "integrity": null,
      "cpu": [],
      "license": null,
      "optional": null,
      "os": [],
      "engines": {
        "node": null
      }
    },
    "node_modules/@esbuild/openbsd-x64": {
      "version": null,
      "resolved": null,
      "integrity": null,
      "cpu": [],
      "license": null,
      "optional": null,
      "os": [],
      "engines": {
        "node": null
      }
    },
    "node_modules/@esbuild/openharmony-arm64": {
      "version": null,
      "resolved": null,
      "integrity": null,
      "cpu": [],
      "license": null,
      "optional": null,
      "os": [],
      "engines": {
        "node": null
      }
    },
    "node_modules/@esbuild/sunos-x64": {
      "version": null,
      "resolved": null,
      "integrity": null,
      "cpu": [],
      "license": null,
      "optional": null,
      "os": [],
      "engines": {
        "node": null
      }
    },
    "node_modules/@esbuild/win32-arm64": {
      "version": null,
      "resolved": null,
      "integrity": null,
      "cpu": [],
      "license": null,
      "optional": null,
      "os": [],
      "engines": {
        "node": null
      }
    },
    "node_modules/@esbuild/win32-ia32": {
      "version": null,
      "resolved": null,
      "integrity": null,
      "cpu": [],
      "license": null,
      "optional": null,
      "os": [],
      "engines": {
        "node": null
      }
    },
    "node_modules/@esbuild/win32-x64": {
      "version": null,
      "resolved": null,
      "integrity": null,
      "cpu": [],
      "license": null,
      "optional": null,
      "os": [],
      "engines": {
        "node": null
      }
    },
    "node_modules/@jridgewell/gen-mapping": {
      "version": null,
      "resolved": null,
      "integrity": null,
      "license": null,
      "dependencies": {
        "@jridgewell/sourcemap-codec": null,
        "@jridgewell/trace-mapping": null
      }
    },
    "node_modules/@jridgewell/remapping": {
      "version": null,
      "resolved": null,
      "integrity": null,
      "license": null,
      "dependencies": {
        "@jridgewell/gen-mapping": null,
        "@jridgewell/trace-mapping": null
      }
    },
    "node_modules/@jridgewell/resolve-uri": {
      "version": null,
      "resolved": null,
      "integrity": null,
      "license": null,
      "engines": {
        "node": null
      }
    },
    "node_modules/@jridgewell/sourcemap-codec": {
      "version": null,
      "resolved": null,
      "integrity": null,
      "license": null
    },
    "node_modules/@jridgewell/trace-mapping": {
      "version": null,
      "resolved": null,
      "integrity": null,
      "license": null,
      "dependencies": {
        "@jridgewell/resolve-uri": null,
        "@jridgewell/sourcemap-codec": null
      }
    },
    "node_modules/@napi-rs/lzma-linux-x64-gnu": {
      "version": null,
      "resolved": null,
      "integrity": null,
      "cpu": [],
      "license": null,
      "optional": null,
      "os": [],
      "engines": {
        "node": null
      }
    },
    "node_modules/@rollup/rollup-android-arm-eabi": {
      "version": null,
      "resolved": null,
      "integrity": null,
      "cpu": [],
      "license": null,
      "optional": null,
      "os": []
    },
    "node_modules/@rollup/rollup-android-arm64": {
      "version": null,
      "resolved": null,
      "integrity": null,
      "cpu": [],
      "license": null,
      "optional": null,
      "os": []
    },
    "node_modules/@rollup/rollup-darwin-arm64": {
      "version": null,
      "resolved": null,
      "integrity": null,
      "cpu": [],
      "license": null,
      "optional": null,
      "os": []
    },
    "node_modules/@rollup/rollup-darwin-x64": {
      "version": null,
      "resolved": null,
      "integrity": null,
      "cpu": [],
      "license": null,
      "optional": null,
      "os": []
    },
    "node_modules/@rollup/rollup-freebsd-arm64": {
      "version": null,
      "resolved": null,
      "integrity": null,
      "cpu": [],
      "license": null,
      "optional": null,
      "os": []
    },
    "node_modules/@rollup/rollup-freebsd-x64": {
      "version": null,
      "resolved": null,
      "integrity": null,
      "cpu": [],
      "license": null,
      "optional": null,
      "os": []
    },
    "node_modules/@rollup/rollup-linux-arm-gnueabihf": {
      "version": null,
      "resolved": null,
      "integrity": null,
      "cpu": [],
      "license": null,
      "optional": null,
      "os": []
    },
    "node_modules/@rollup/rollup-linux-arm-musleabihf": {
      "version": null,
      "resolved": null,
      "integrity": null,
      "cpu": [],
      "license": null,
      "optional": null,
      "os": []
    },
    "node_modules/@rollup/rollup-linux-arm64-gnu": {
      "version": null,
      "resolved": null,
      "integrity": null,
      "cpu": [],
      "license": null,
      "optional": null,
      "os": []
    },
    "node_modules/@rollup/rollup-linux-arm64-musl": {
      "version": null,
      "resolved": null,
      "integrity": null,
      "cpu": [],
      "license": null,
      "optional": null,
      "os": []
    },
    "node_modules/@rollup/rollup-linux-loong64-gnu": {
      "version": null,
      "resolved": null,
      "integrity": null,
      "cpu": [],
      "license": null,
      "optional": null,
      "os": []
    },
    "node_modules/@rollup/rollup-linux-loong64-musl": {
      "version": null,
      "resolved": null,
      "integrity": null,
      "cpu": [],
      "license": null,
      "optional": null,
      "os": []
    },
    "node_modules/@rollup/rollup-linux-ppc64-gnu": {
      "version": null,
      "resolved": null,
      "integrity": null,
      "cpu": [],
      "license": null,
      "optional": null,
      "os": []
    },
    "node_modules/@rollup/rollup-linux-ppc64-musl": {
      "version": null,
      "resolved": null,
      "integrity": null,
      "cpu": [],
      "license": null,
      "optional": null,
      "os": []
    },
    "node_modules/@rollup/rollup-linux-riscv64-gnu": {
      "version": null,
      "resolved": null,
      "integrity": null,
      "cpu": [],
      "license": null,
      "optional": null,
      "os": []
    },
    "node_modules/@rollup/rollup-linux-riscv64-musl": {
      "version": null,
      "resolved": null,
      "integrity": null,
      "cpu": [],
      "license": null,
      "optional": null,
      "os": []
    },
    "node_modules/@rollup/rollup-linux-s390x-gnu": {
      "version": null,
      "resolved": null,
      "integrity": null,
      "cpu": [],
      "license": null,
      "optional": null,
      "os": []
    },
    "node_modules/@rollup/rollup-linux-x64-gnu": {
      "version": null,
      "resolved": null,
      "integrity": null,
      "cpu": [],
      "license": null,
      "optional": null,
      "os": []
    },
    "node_modules/@rollup/rollup-linux-x64-musl": {
      "version": null,
      "resolved": null,
      "integrity": null,
      "cpu": [],
      "license": null,
      "optional": null,
      "os": []
    },
    "node_modules/@rollup/rollup-openbsd-x64": {
      "version": null,
      "resolved": null,
      "integrity": null,
      "cpu": [],
      "license": null,
      "optional": null,
      "os": []
    },
    "node_modules/@rollup/rollup-openharmony-arm64": {
      "version": null,
      "resolved": null,
      "integrity": null,
      "cpu": [],
      "license": null,
      "optional": null,
      "os": []
    },
    "node_modules/@rollup/rollup-win32-arm64-msvc": {
      "version": null,
      "resolved": null,
      "integrity": null,
      "cpu": [],
      "license": null,
      "optional": null,
      "os": []
    },
    "node_modules/@rollup/rollup-win32-ia32-msvc": {
      "version": null,
      "resolved": null,
      "integrity": null,
      "cpu": [],
      "license": null,
      "optional": null,
      "os": []
    },
    "node_modules/@rollup/rollup-win32-x64-gnu": {
      "version": null,
      "resolved": null,
      "integrity": null,
      "cpu": [],
      "license": null,
      "optional": null,
      "os": []
    },
    "node_modules/@rollup/rollup-win32-x64-msvc": {
      "version": null,
      "resolved": null,
      "integrity": null,
      "cpu": [],
      "license": null,
      "optional": null,
      "os": []
    },
    "node_modules/@types/babel__core": {
      "version": null,
      "resolved": null,
      "integrity": null,
      "license": null,
      "dependencies": {
        "@babel/parser": null,
        "@babel/types": null,
        "@types/babel__generator": null,
        "@types/babel__template": null,
        "@types/babel__traverse": null
      }
    },
    "node_modules/@types/babel__generator": {
      "version": null,
      "resolved": null,
      "integrity": null,
      "license": null,
      "dependencies": {
        "@babel/types": null
      }
    },
    "node_modules/@types/babel__template": {
      "version": null,
      "resolved": null,
      "integrity": null,
      "license": null,
      "dependencies": {
        "@babel/parser": null,
        "@babel/types": null
      }
    },
    "node_modules/@types/babel__traverse": {
      "version": null,
      "resolved": null,
      "integrity": null,
      "license": null,
      "dependencies": {
        "@babel/types": null
      }
    },
    "node_modules/@types/estree": {
      "version": null,
      "resolved": null,
      "integrity": null,
      "license": null
    },
    "node_modules/@vitejs/plugin-react": {
      "version": null,
      "resolved": null,
      "integrity": null,
      "license": null,
      "dependencies": {
        "@babel/core": null,
        "@babel/plugin-transform-react-jsx-self": null,
        "@babel/plugin-transform-react-jsx-source": null,
        "@types/babel__core": null,
        "react-refresh": null
      },
      "engines": {
        "node": null
      },
      "peerDependencies": {
        "vite": null
      }
    },
    "node_modules/baseline-browser-mapping": {
      "version": null,
      "resolved": null,
      "integrity": null,
      "license": null,
      "bin": {
        "baseline-browser-mapping": null
      },
      "engines": {
        "node": null
      }
    },
    "node_modules/browserslist": {
      "version": null,
      "resolved": null,
      "integrity": null,
      "funding": [],
      "license": null,
      "dependencies": {
        "baseline-browser-mapping": null,
        "caniuse-lite": null,
        "electron-to-chromium": null,
        "node-releases": null,
        "update-browserslist-db": null
      },
      "bin": {
        "browserslist": null
      },
      "engines": {
        "node": null
      }
    },
    "node_modules/caniuse-lite": {
      "version": null,
      "resolved": null,
      "integrity": null,
      "funding": [],
      "license": null
    },
    "node_modules/convert-source-map": {
      "version": null,
      "resolved": null,
      "integrity": null,
      "license": null
    },
    "node_modules/cookie": {
      "version": null,
      "resolved": null,
      "integrity": null,
      "license": null,
      "engines": {
        "node": null
      },
      "funding": {
        "type": null,
        "url": null
      }
    },
    "node_modules/debug": {
      "version": null,
      "resolved": null,
      "integrity": null,
      "license": null,
      "dependencies": {
        "ms": null
      },
      "engines": {
        "node": null
      },
      "peerDependenciesMeta": {
        "supports-color": {
          "optional": null
        }
      }
    },
    "node_modules/electron-to-chromium": {
      "version": null,
      "resolved": null,
      "integrity": null,
      "license": null
    },
    "node_modules/esbuild": {
      "version": null,
      "resolved": null,
      "integrity": null,
      "hasInstallScript": null,
      "license": null,
      "bin": {
        "esbuild": null
      },
      "engines": {
        "node": null
      },
      "optionalDependencies": {
        "@esbuild/aix-ppc64": null,
        "@esbuild/android-arm": null,
        "@esbuild/android-arm64": null,
        "@esbuild/android-x64": null,
        "@esbuild/darwin-arm64": null,
        "@esbuild/darwin-x64": null,
        "@esbuild/freebsd-arm64": null,
        "@esbuild/freebsd-x64": null,
        "@esbuild/linux-arm": null,
        "@esbuild/linux-arm64": null,
        "@esbuild/linux-ia32": null,
        "@esbuild/linux-loong64": null,
        "@esbuild/linux-mips64el": null,
        "@esbuild/linux-ppc64": null,
        "@esbuild/linux-riscv64": null,
        "@esbuild/linux-s390x": null,
        "@esbuild/linux-x64": null,
        "@esbuild/netbsd-arm64": null,
        "@esbuild/netbsd-x64": null,
        "@esbuild/openbsd-arm64": null,
        "@esbuild/openbsd-x64": null,
        "@esbuild/openharmony-arm64": null,
        "@esbuild/sunos-x64": null,
        "@esbuild/win32-arm64": null,
        "@esbuild/win32-ia32": null,
        "@esbuild/win32-x64": null
      }
    },
    "node_modules/escalade": {
      "version": null,
      "resolved": null,
      "integrity": null,
      "license": null,
      "engines": {
        "node": null
      }
    },
    "node_modules/fdir": {
      "version": null,
      "resolved": null,
      "integrity": null,
      "license": null,
      "engines": {
        "node": null
      },
      "peerDependencies": {
        "picomatch": null
      },
      "peerDependenciesMeta": {
        "picomatch": {
          "optional": null
        }
      }
    },
    "node_modules/fsevents": {
      "version": null,
      "resolved": null,
      "integrity": null,
      "hasInstallScript": null,
      "license": null,
      "optional": null,
      "os": [],
      "engines": {
        "node": null
      }
    },
    "node_modules/gensync": {
      "version": null,
      "resolved": null,
      "integrity": null,
      "license": null,
      "engines": {
        "node": null
      }
    },
    "node_modules/js-tokens": {
      "version": null,
      "resolved": null,
      "integrity": null,
      "license": null
    },
    "node_modules/jsesc": {
      "version": null,
      "resolved": null,
      "integrity": null,
      "license": null,
      "bin": {
        "jsesc": null
      },
      "engines": {
        "node": null
      }
    },
    "node_modules/json5": {
      "version": null,
      "resolved": null,
      "integrity": null,
      "license": null,
      "bin": {
        "json5": null
      },
      "engines": {
        "node": null
      }
    },
    "node_modules/lru-cache": {
      "version": null,
      "resolved": null,
      "integrity": null,
      "license": null,
      "dependencies": {
        "yallist": null
      }
    },
    "node_modules/lucide-react": {
      "version": null,
      "resolved": null,
      "integrity": null,
      "license": null,
      "peerDependencies": {
        "react": null
      }
    },
    "node_modules/ms": {
      "version": null,
      "resolved": null,
      "integrity": null,
      "license": null
    },
    "node_modules/nanoid": {
      "version": null,
      "resolved": null,
      "integrity": null,
      "funding": [],
      "license": null,
      "bin": {
        "nanoid": null
      },
      "engines": {
        "node": null
      }
    },
    "node_modules/node-releases": {
      "version": null,
      "resolved": null,
      "integrity": null,
      "license": null,
      "engines": {
        "node": null
      }
    },
    "node_modules/picocolors": {
      "version": null,
      "resolved": null,
      "integrity": null,
      "license": null
    },
    "node_modules/picomatch": {
      "version": null,
      "resolved": null,
      "integrity": null,
      "license": null,
      "engines": {
        "node": null
      },
      "funding": {
        "url": null
      }
    },
    "node_modules/postcss": {
      "version": null,
      "resolved": null,
      "integrity": null,
      "funding": [],
      "license": null,
      "dependencies": {
        "nanoid": null,
        "picocolors": null,
        "source-map-js": null
      },
      "engines": {
        "node": null
      }
    },
    "node_modules/react": {
      "version": null,
      "resolved": null,
      "integrity": null,
      "license": null,
      "engines": {
        "node": null
      }
    },
    "node_modules/react-dom": {
      "version": null,
      "resolved": null,
      "integrity": null,
      "license": null,
      "dependencies": {
        "scheduler": null
      },
      "peerDependencies": {
        "react": null
      }
    },
    "node_modules/react-refresh": {
      "version": null,
      "resolved": null,
      "integrity": null,
      "license": null,
      "engines": {
        "node": null
      }
    },
    "node_modules/react-router": {
      "version": null,
      "resolved": null,
      "integrity": null,
      "license": null,
      "dependencies": {
        "cookie": null,
        "set-cookie-parser": null
      },
      "engines": {
        "node": null
      },
      "peerDependencies": {
        "react": null,
        "react-dom": null
      },
      "peerDependenciesMeta": {
        "react-dom": {
          "optional": null
        }
      }
    },
    "node_modules/react-router-dom": {
      "version": null,
      "resolved": null,
      "integrity": null,
      "license": null,
      "dependencies": {
        "react-router": null
      },
      "engines": {
        "node": null
      },
      "peerDependencies": {
        "react": null,
        "react-dom": null
      }
    },
    "node_modules/rollup": {
      "version": null,
      "resolved": null,
      "integrity": null,
      "license": null,
      "dependencies": {
        "@types/estree": null
      },
      "bin": {
        "rollup": null
      },
      "engines": {
        "node": null,
        "npm": null
      },
      "optionalDependencies": {
        "@napi-rs/lzma-linux-x64-gnu": null,
        "@rollup/rollup-android-arm-eabi": null,
        "@rollup/rollup-android-arm64": null,
        "@rollup/rollup-darwin-arm64": null,
        "@rollup/rollup-darwin-x64": null,
        "@rollup/rollup-freebsd-arm64": null,
        "@rollup/rollup-freebsd-x64": null,
        "@rollup/rollup-linux-arm-gnueabihf": null,
        "@rollup/rollup-linux-arm-musleabihf": null,
        "@rollup/rollup-linux-arm64-gnu": null,
        "@rollup/rollup-linux-arm64-musl": null,
        "@rollup/rollup-linux-loong64-gnu": null,
        "@rollup/rollup-linux-loong64-musl": null,
        "@rollup/rollup-linux-ppc64-gnu": null,
        "@rollup/rollup-linux-ppc64-musl": null,
        "@rollup/rollup-linux-riscv64-gnu": null,
        "@rollup/rollup-linux-riscv64-musl": null,
        "@rollup/rollup-linux-s390x-gnu": null,
        "@rollup/rollup-linux-x64-gnu": null,
        "@rollup/rollup-linux-x64-musl": null,
        "@rollup/rollup-openbsd-x64": null,
        "@rollup/rollup-openharmony-arm64": null,
        "@rollup/rollup-win32-arm64-msvc": null,
        "@rollup/rollup-win32-ia32-msvc": null,
        "@rollup/rollup-win32-x64-gnu": null,
        "@rollup/rollup-win32-x64-msvc": null,
        "fsevents": null
      }
    },
    "node_modules/scheduler": {
      "version": null,
      "resolved": null,
      "integrity": null,
      "license": null
    },
    "node_modules/semver": {
      "version": null,
      "resolved": null,
      "integrity": null,
      "license": null,
      "bin": {
        "semver": null
      }
    },
    "node_modules/set-cookie-parser": {
      "version": null,
      "resolved": null,
      "integrity": null,
      "license": null
    },
    "node_modules/source-map-js": {
      "version": null,
      "resolved": null,
      "integrity": null,
      "license": null,
      "engines": {
        "node": null
      }
    },
    "node_modules/tinyglobby": {
      "version": null,
      "resolved": null,
      "integrity": null,
      "license": null,
      "dependencies": {
        "fdir": null,
        "picomatch": null
      },
      "engines": {
        "node": null
      },
      "funding": {
        "url": null
      }
    },
    "node_modules/update-browserslist-db": {
      "version": null,
      "resolved": null,
      "integrity": null,
      "funding": [],
      "license": null,
      "dependencies": {
        "escalade": null,
        "picocolors": null
      },
      "bin": {
        "update-browserslist-db": null
      },
      "peerDependencies": {
        "browserslist": null
      }
    },
    "node_modules/vite": {
      "version": null,
      "resolved": null,
      "integrity": null,
      "license": null,
      "dependencies": {
        "esbuild": null,
        "fdir": null,
        "picomatch": null,
        "postcss": null,
        "rollup": null,
        "tinyglobby": null
      },
      "bin": {
        "vite": null
      },
      "engines": {
        "node": null
      },
      "funding": {
        "url": null
      },
      "optionalDependencies": {
        "fsevents": null
      },
      "peerDependencies": {
        "@types/node": null,
        "jiti": null,
        "less": null,
        "lightningcss": null,
        "sass": null,
        "sass-embedded": null,
        "stylus": null,
        "sugarss": null,
        "terser": null,
        "tsx": null,
        "yaml": null
      },
      "peerDependenciesMeta": {
        "@types/node": {
          "optional": null
        },
        "jiti": {
          "optional": null
        },
        "less": {
          "optional": null
        },
        "lightningcss": {
          "optional": null
        },
        "sass": {
          "optional": null
        },
        "sass-embedded": {
          "optional": null
        },
        "stylus": {
          "optional": null
        },
        "sugarss": {
          "optional": null
        },
        "terser": {
          "optional": null
        },
        "tsx": {
          "optional": null
        },
        "yaml": {
          "optional": null
        }
      }
    },
    "node_modules/yallist": {
      "version": null,
      "resolved": null,
      "integrity": null,
      "license": null
    }
  }
}
